
Microsoft Visual Studio Solution File, Format Version 12.00
# Visual Studio 15
VisualStudioVersion = 15.0.26730.3
MinimumVisualStudioVersion = 10.0.40219.1
Project("{FAE04EC0-301F-11D3-BF4B-00C04F79EFBC}") = "PROCJUD.Web", "PROCJUD.Web\PROCJUD.Web.csproj", "{B7BBA9ED-A041-4433-922E-D3AC4F78B66B}"
EndProject
Project("{FAE04EC0-301F-11D3-BF4B-00C04F79EFBC}") = "PROCJUD.Contexto", "PROCJUD.Contexto\PROCJUD.Contexto.csproj", "{3CE6FBFF-E4F3-4988-9102-946635505EBD}"
EndProject
Project("{2150E333-8FDC-42A3-9474-1A3956D46DE8}") = "1.PRESENTACION", "1.PRESENTACION", "{0EF94512-91DF-44B5-9C75-31CB51CD99E2}"
EndProject
Project("{2150E333-8FDC-42A3-9474-1A3956D46DE8}") = "2.SERVICIO", "2.SERVICIO", "{7D44EA02-B470-4F7D-B291-1AC05081830D}"
EndProject
Project("{2150E333-8FDC-42A3-9474-1A3956D46DE8}") = "3.APLICACION", "3.APLICACION", "{C20FA170-BB2F-47B5-9074-02C08D1DB057}"
EndProject
Project("{2150E333-8FDC-42A3-9474-1A3956D46DE8}") = "4.DOMINIO", "4.DOMINIO", "{1F652F82-9A93-46AF-82B6-06FBF6279E6B}"
EndProject
Project("{2150E333-8FDC-42A3-9474-1A3956D46DE8}") = "5.INFRAESTRUCTURA", "5.INFRAESTRUCTURA", "{8164B257-33A0-4D62-A077-4802A04F8548}"
EndProject
Project("{FAE04EC0-301F-11D3-BF4B-00C04F79EFBC}") = "PROCJUD.Repositorio", "PROCJUD.Repositorio\PROCJUD.Repositorio.csproj", "{1512A1F5-499E-43B3-86BA-67F16075EC1B}"
EndProject
Project("{FAE04EC0-301F-11D3-BF4B-00C04F79EFBC}") = "PROCJUD.Entidades", "PROCJUD.Entidades\PROCJUD.Entidades.csproj", "{9F61E9BB-E638-4C10-B08F-2A790F7F044F}"
EndProject
Project("{FAE04EC0-301F-11D3-BF4B-00C04F79EFBC}") = "PROCJUD.IRepositorio", "PROCJUD.IRepositorio\PROCJUD.IRepositorio.csproj", "{666AE25F-3028-4338-B5DC-B94102538907}"
EndProject
Project("{FAE04EC0-301F-11D3-BF4B-00C04F79EFBC}") = "PROCJUD.Request", "PROCJUD.Request\PROCJUD.Request.csproj", "{2127B91D-22CB-49AD-A98B-DF698475FCDF}"
EndProject
Project("{FAE04EC0-301F-11D3-BF4B-00C04F79EFBC}") = "PROCJUD.Response", "PROCJUD.Response\PROCJUD.Response.csproj", "{06F28A6D-4EED-4AE4-917A-5979FBCE4061}"
EndProject
Project("{FAE04EC0-301F-11D3-BF4B-00C04F79EFBC}") = "PROCJUD.Host", "PROCJUD.Host\PROCJUD.Host.csproj", "{B2A0F2F9-834A-4A9B-B313-0D20F8C2EBCD}"
EndProject
Project("{FAE04EC0-301F-11D3-BF4B-00C04F79EFBC}") = "PROCJUD.AplicacionService", "PROCJUD.AplicacionService\PROCJUD.AplicacionService.csproj", "{F383E357-BEF7-4651-8A5C-8341ED284730}"
EndProject
Project("{FAE04EC0-301F-11D3-BF4B-00C04F79EFBC}") = "PROCJUD.IAplicacionService", "PROCJUD.IAplicacionService\PROCJUD.IAplicacionService.csproj", "{71AEC5EA-AE8B-4549-B8CB-9497166C166A}"
EndProject
Global
	GlobalSection(SolutionConfigurationPlatforms) = preSolution
		Debug|Any CPU = Debug|Any CPU
		Release|Any CPU = Release|Any CPU
	EndGlobalSection
	GlobalSection(ProjectConfigurationPlatforms) = postSolution
		{B7BBA9ED-A041-4433-922E-D3AC4F78B66B}.Debug|Any CPU.ActiveCfg = Debug|Any CPU
		{B7BBA9ED-A041-4433-922E-D3AC4F78B66B}.Debug|Any CPU.Build.0 = Debug|Any CPU
		{B7BBA9ED-A041-4433-922E-D3AC4F78B66B}.Release|Any CPU.ActiveCfg = Release|Any CPU
		{B7BBA9ED-A041-4433-922E-D3AC4F78B66B}.Release|Any CPU.Build.0 = Release|Any CPU
		{3CE6FBFF-E4F3-4988-9102-946635505EBD}.Debug|Any CPU.ActiveCfg = Debug|Any CPU
		{3CE6FBFF-E4F3-4988-9102-946635505EBD}.Debug|Any CPU.Build.0 = Debug|Any CPU
		{3CE6FBFF-E4F3-4988-9102-946635505EBD}.Release|Any CPU.ActiveCfg = Release|Any CPU
		{3CE6FBFF-E4F3-4988-9102-946635505EBD}.Release|Any CPU.Build.0 = Release|Any CPU
		{1512A1F5-499E-43B3-86BA-67F16075EC1B}.Debug|Any CPU.ActiveCfg = Debug|Any CPU
		{1512A1F5-499E-43B3-86BA-67F16075EC1B}.Debug|Any CPU.Build.0 = Debug|Any CPU
		{1512A1F5-499E-43B3-86BA-67F16075EC1B}.Release|Any CPU.ActiveCfg = Release|Any CPU
		{1512A1F5-499E-43B3-86BA-67F16075EC1B}.Release|Any CPU.Build.0 = Release|Any CPU
		{9F61E9BB-E638-4C10-B08F-2A790F7F044F}.Debug|Any CPU.ActiveCfg = Debug|Any CPU
		{9F61E9BB-E638-4C10-B08F-2A790F7F044F}.Debug|Any CPU.Build.0 = Debug|Any CPU
		{9F61E9BB-E638-4C10-B08F-2A790F7F044F}.Release|Any CPU.ActiveCfg = Release|Any CPU
		{9F61E9BB-E638-4C10-B08F-2A790F7F044F}.Release|Any CPU.Build.0 = Release|Any CPU
		{666AE25F-3028-4338-B5DC-B94102538907}.Debug|Any CPU.ActiveCfg = Debug|Any CPU
		{666AE25F-3028-4338-B5DC-B94102538907}.Debug|Any CPU.Build.0 = Debug|Any CPU
		{666AE25F-3028-4338-B5DC-B94102538907}.Release|Any CPU.ActiveCfg = Release|Any CPU
		{666AE25F-3028-4338-B5DC-B94102538907}.Release|Any CPU.Build.0 = Release|Any CPU
		{2127B91D-22CB-49AD-A98B-DF698475FCDF}.Debug|Any CPU.ActiveCfg = Debug|Any CPU
		{2127B91D-22CB-49AD-A98B-DF698475FCDF}.Debug|Any CPU.Build.0 = Debug|Any CPU
		{2127B91D-22CB-49AD-A98B-DF698475FCDF}.Release|Any CPU.ActiveCfg = Release|Any CPU
		{2127B91D-22CB-49AD-A98B-DF698475FCDF}.Release|Any CPU.Build.0 = Release|Any CPU
		{06F28A6D-4EED-4AE4-917A-5979FBCE4061}.Debug|Any CPU.ActiveCfg = Debug|Any CPU
		{06F28A6D-4EED-4AE4-917A-5979FBCE4061}.Debug|Any CPU.Build.0 = Debug|Any CPU
		{06F28A6D-4EED-4AE4-917A-5979FBCE4061}.Release|Any CPU.ActiveCfg = Release|Any CPU
		{06F28A6D-4EED-4AE4-917A-5979FBCE4061}.Release|Any CPU.Build.0 = Release|Any CPU
		{B2A0F2F9-834A-4A9B-B313-0D20F8C2EBCD}.Debug|Any CPU.ActiveCfg = Debug|Any CPU
		{B2A0F2F9-834A-4A9B-B313-0D20F8C2EBCD}.Debug|Any CPU.Build.0 = Debug|Any CPU
		{B2A0F2F9-834A-4A9B-B313-0D20F8C2EBCD}.Release|Any CPU.ActiveCfg = Release|Any CPU
		{B2A0F2F9-834A-4A9B-B313-0D20F8C2EBCD}.Release|Any CPU.Build.0 = Release|Any CPU
		{F383E357-BEF7-4651-8A5C-8341ED284730}.Debug|Any CPU.ActiveCfg = Debug|Any CPU
		{F383E357-BEF7-4651-8A5C-8341ED284730}.Debug|Any CPU.Build.0 = Debug|Any CPU
		{F383E357-BEF7-4651-8A5C-8341ED284730}.Release|Any CPU.ActiveCfg = Release|Any CPU
		{F383E357-BEF7-4651-8A5C-8341ED284730}.Release|Any CPU.Build.0 = Release|Any CPU
		{71AEC5EA-AE8B-4549-B8CB-9497166C166A}.Debug|Any CPU.ActiveCfg = Debug|Any CPU
		{71AEC5EA-AE8B-4549-B8CB-9497166C166A}.Debug|Any CPU.Build.0 = Debug|Any CPU
		{71AEC5EA-AE8B-4549-B8CB-9497166C166A}.Release|Any CPU.ActiveCfg = Release|Any CPU
		{71AEC5EA-AE8B-4549-B8CB-9497166C166A}.Release|Any CPU.Build.0 = Release|Any CPU
	EndGlobalSection
	GlobalSection(SolutionProperties) = preSolution
		HideSolutionNode = FALSE
	EndGlobalSection
	GlobalSection(NestedProjects) = preSolution
		{B7BBA9ED-A041-4433-922E-D3AC4F78B66B} = {0EF94512-91DF-44B5-9C75-31CB51CD99E2}
		{3CE6FBFF-E4F3-4988-9102-946635505EBD} = {8164B257-33A0-4D62-A077-4802A04F8548}
		{1512A1F5-499E-43B3-86BA-67F16075EC1B} = {8164B257-33A0-4D62-A077-4802A04F8548}
		{9F61E9BB-E638-4C10-B08F-2A790F7F044F} = {1F652F82-9A93-46AF-82B6-06FBF6279E6B}
		{666AE25F-3028-4338-B5DC-B94102538907} = {1F652F82-9A93-46AF-82B6-06FBF6279E6B}
		{2127B91D-22CB-49AD-A98B-DF698475FCDF} = {C20FA170-BB2F-47B5-9074-02C08D1DB057}
		{06F28A6D-4EED-4AE4-917A-5979FBCE4061} = {C20FA170-BB2F-47B5-9074-02C08D1DB057}
		{B2A0F2F9-834A-4A9B-B313-0D20F8C2EBCD} = {7D44EA02-B470-4F7D-B291-1AC05081830D}
		{F383E357-BEF7-4651-8A5C-8341ED284730} = {C20FA170-BB2F-47B5-9074-02C08D1DB057}
		{71AEC5EA-AE8B-4549-B8CB-9497166C166A} = {C20FA170-BB2F-47B5-9074-02C08D1DB057}
	EndGlobalSection
	GlobalSection(ExtensibilityGlobals) = postSolution
		SolutionGuid = {9746F8D3-24A8-4326-900A-D5976E581D72}
	EndGlobalSection
EndGlobal
